
Microsoft Visual Studio Solution File, Format Version 12.00
# Visual Studio Version 16
VisualStudioVersion = 16.0.30413.136
MinimumVisualStudioVersion = 10.0.40219.1
Project("{9A19103F-16F7-4668-BE54-9A1E7A4F7556}") = "EcomTest", "EcomTest\EcomTest.csproj", "{082357FD-6BF9-42CF-A9FC-9EC598BF13A2}"
EndProject
Project("{9A19103F-16F7-4668-BE54-9A1E7A4F7556}") = "Ecomtest_Repository", "Ecomtest_Repository\Ecomtest_Repository.csproj", "{2F559927-4C2F-4FF0-8F21-9BA9426A491F}"
EndProject
Project("{9A19103F-16F7-4668-BE54-9A1E7A4F7556}") = "EcomTest_Business", "EcomTest_Business\EcomTest_Business.csproj", "{DFE63EB0-A90D-4F30-A088-5DD7BFED5DDF}"
EndProject
Global
	GlobalSection(SolutionConfigurationPlatforms) = preSolution
		Debug|Any CPU = Debug|Any CPU
		Release|Any CPU = Release|Any CPU
	EndGlobalSection
	GlobalSection(ProjectConfigurationPlatforms) = postSolution
		{082357FD-6BF9-42CF-A9FC-9EC598BF13A2}.Debug|Any CPU.ActiveCfg = Debug|Any CPU
		{082357FD-6BF9-42CF-A9FC-9EC598BF13A2}.Debug|Any CPU.Build.0 = Debug|Any CPU
		{082357FD-6BF9-42CF-A9FC-9EC598BF13A2}.Release|Any CPU.ActiveCfg = Release|Any CPU
		{082357FD-6BF9-42CF-A9FC-9EC598BF13A2}.Release|Any CPU.Build.0 = Release|Any CPU
		{2F559927-4C2F-4FF0-8F21-9BA9426A491F}.Debug|Any CPU.ActiveCfg = Debug|Any CPU
		{2F559927-4C2F-4FF0-8F21-9BA9426A491F}.Debug|Any CPU.Build.0 = Debug|Any CPU
		{2F559927-4C2F-4FF0-8F21-9BA9426A491F}.Release|Any CPU.ActiveCfg = Release|Any CPU
		{2F559927-4C2F-4FF0-8F21-9BA9426A491F}.Release|Any CPU.Build.0 = Release|Any CPU
		{DFE63EB0-A90D-4F30-A088-5DD7BFED5DDF}.Debug|Any CPU.ActiveCfg = Debug|Any CPU
		{DFE63EB0-A90D-4F30-A088-5DD7BFED5DDF}.Debug|Any CPU.Build.0 = Debug|Any CPU
		{DFE63EB0-A90D-4F30-A088-5DD7BFED5DDF}.Release|Any CPU.ActiveCfg = Release|Any CPU
		{DFE63EB0-A90D-4F30-A088-5DD7BFED5DDF}.Release|Any CPU.Build.0 = Release|Any CPU
	EndGlobalSection
	GlobalSection(SolutionProperties) = preSolution
		HideSolutionNode = FALSE
	EndGlobalSection
	GlobalSection(ExtensibilityGlobals) = postSolution
		SolutionGuid = {64BAC4B4-49E5-4DB7-9D64-2B1EE31F14FB}
	EndGlobalSection
EndGlobal
